// !$*UTF8*$!
{
	archiveVersion = 1;
	classes = {
	};
	objectVersion = 56;
	objects = {

/* Begin PBXBuildFile section */
		3F209E1529CBD9CF00028B56 /* aboutUs.swift in Sources */ = {isa = PBXBuildFile; fileRef = 3F209E1429CBD9CF00028B56 /* aboutUs.swift */; };
		3F209E1729CBDDBC00028B56 /* MindfulnessJournal.swift in Sources */ = {isa = PBXBuildFile; fileRef = 3F209E1629CBDDBC00028B56 /* MindfulnessJournal.swift */; };
		3F209E1A29CD312B00028B56 /* GratitudeJournal.swift in Sources */ = {isa = PBXBuildFile; fileRef = 3F209E1929CD312B00028B56 /* GratitudeJournal.swift */; };
		3F209E1C29CD328200028B56 /* OpenJournal.swift in Sources */ = {isa = PBXBuildFile; fileRef = 3F209E1B29CD328200028B56 /* OpenJournal.swift */; };
		3F209E1E29CE2C2C00028B56 /* HomepageView.swift in Sources */ = {isa = PBXBuildFile; fileRef = 3F209E1D29CE2C2C00028B56 /* HomepageView.swift */; };
		3F322C5829C25CC500B62873 /* profileView.swift in Sources */ = {isa = PBXBuildFile; fileRef = 3F322C5729C25CC500B62873 /* profileView.swift */; };
		3F3916EB29DCBAA300E37684 /* GoogleService-Info.plist in Resources */ = {isa = PBXBuildFile; fileRef = 3F3916EA29DCBAA300E37684 /* GoogleService-Info.plist */; };
		3F3916EE29DCBC4800E37684 /* FirebaseAnalytics in Frameworks */ = {isa = PBXBuildFile; productRef = 3F3916ED29DCBC4800E37684 /* FirebaseAnalytics */; };
		3F3916F029DCBC4800E37684 /* FirebaseAnalyticsSwift in Frameworks */ = {isa = PBXBuildFile; productRef = 3F3916EF29DCBC4800E37684 /* FirebaseAnalyticsSwift */; };
		3F3916F229DCBC4800E37684 /* FirebaseAnalyticsWithoutAdIdSupport in Frameworks */ = {isa = PBXBuildFile; productRef = 3F3916F129DCBC4800E37684 /* FirebaseAnalyticsWithoutAdIdSupport */; };
		3F3916F429DCBC4800E37684 /* FirebaseDatabase in Frameworks */ = {isa = PBXBuildFile; productRef = 3F3916F329DCBC4800E37684 /* FirebaseDatabase */; };
		3F3916F629DCBC4800E37684 /* FirebaseDatabaseSwift in Frameworks */ = {isa = PBXBuildFile; productRef = 3F3916F529DCBC4800E37684 /* FirebaseDatabaseSwift */; };
		3F3916F829DCBC4800E37684 /* FirebaseFirestore in Frameworks */ = {isa = PBXBuildFile; productRef = 3F3916F729DCBC4800E37684 /* FirebaseFirestore */; };
		3F3916FA29DCBC4800E37684 /* FirebaseFirestoreSwift in Frameworks */ = {isa = PBXBuildFile; productRef = 3F3916F929DCBC4800E37684 /* FirebaseFirestoreSwift */; };
		3F4814F629B59D0700FAEB20 /* JournalCoreData.xcdatamodeld in Sources */ = {isa = PBXBuildFile; fileRef = 3F4814F429B59D0700FAEB20 /* JournalCoreData.xcdatamodeld */; };
		3F4814F829B5A51200FAEB20 /* WeekGlance.swift in Sources */ = {isa = PBXBuildFile; fileRef = 3F4814F729B5A51200FAEB20 /* WeekGlance.swift */; };
		3F4E39A629DBA803000FC2DC /* CalendarView.swift in Sources */ = {isa = PBXBuildFile; fileRef = 3F4E39A529DBA803000FC2DC /* CalendarView.swift */; };
		3FBD98C029B278A700804A6A /* ContentViewModel.swift in Sources */ = {isa = PBXBuildFile; fileRef = 3FBD98BF29B278A700804A6A /* ContentViewModel.swift */; };
		3FBD98C229B2790100804A6A /* ContentModel.swift in Sources */ = {isa = PBXBuildFile; fileRef = 3FBD98C129B2790100804A6A /* ContentModel.swift */; };
		3FC6E9B529C18E10004D9531 /* LoginSystemView.swift in Sources */ = {isa = PBXBuildFile; fileRef = 3FC6E9B429C18E10004D9531 /* LoginSystemView.swift */; };
		3FC6E9BE29C19AE2004D9531 /* Auth0 in Frameworks */ = {isa = PBXBuildFile; productRef = 3FC6E9BD29C19AE2004D9531 /* Auth0 */; };
		3FC6E9C029C19C6C004D9531 /* Auth0.plist in Resources */ = {isa = PBXBuildFile; fileRef = 3FC6E9BF29C19C6C004D9531 /* Auth0.plist */; };
		3FDAECF629B7F69500C9A633 /* InputView.swift in Sources */ = {isa = PBXBuildFile; fileRef = 3FDAECF529B7F69500C9A633 /* InputView.swift */; };
		F62567A129E735C0005411BF /* TestThreeView.swift in Sources */ = {isa = PBXBuildFile; fileRef = F62567A029E735C0005411BF /* TestThreeView.swift */; };
		F62567A329EE193B005411BF /* TestFourView.swift in Sources */ = {isa = PBXBuildFile; fileRef = F62567A229EE193B005411BF /* TestFourView.swift */; };
		F62567A529EE3B65005411BF /* gratSwipeView.swift in Sources */ = {isa = PBXBuildFile; fileRef = F62567A429EE3B65005411BF /* gratSwipeView.swift */; };
		F62567A729F0FD08005411BF /* TestFiveView.swift in Sources */ = {isa = PBXBuildFile; fileRef = F62567A629F0FD08005411BF /* TestFiveView.swift */; };
		F62567A929F1ECEB005411BF /* AnalyzeView.swift in Sources */ = {isa = PBXBuildFile; fileRef = F62567A829F1ECEB005411BF /* AnalyzeView.swift */; };
		F62567B829F460E8005411BF /* Poppins-Bold.ttf in Resources */ = {isa = PBXBuildFile; fileRef = F62567AB29F45706005411BF /* Poppins-Bold.ttf */; };
		F62567B929F4613C005411BF /* Poppins-Medium.ttf in Resources */ = {isa = PBXBuildFile; fileRef = F62567AC29F45706005411BF /* Poppins-Medium.ttf */; };
		F62567BA29F4613F005411BF /* Poppins-Regular.ttf in Resources */ = {isa = PBXBuildFile; fileRef = F62567AA29F45706005411BF /* Poppins-Regular.ttf */; };
		F62567BB29F46142005411BF /* Poppins-SemiBold.ttf in Resources */ = {isa = PBXBuildFile; fileRef = F62567AD29F45706005411BF /* Poppins-SemiBold.ttf */; };
		F62567BD29F643F6005411BF /* TestSixView.swift in Sources */ = {isa = PBXBuildFile; fileRef = F62567BC29F643F6005411BF /* TestSixView.swift */; };
		F62567BF29F83399005411BF /* FavoriteView.swift in Sources */ = {isa = PBXBuildFile; fileRef = F62567BE29F83399005411BF /* FavoriteView.swift */; };
		F64552CC29BE99140054E7AF /* inputSwipeView.swift in Sources */ = {isa = PBXBuildFile; fileRef = F64552CB29BE99140054E7AF /* inputSwipeView.swift */; };
		F64552D029BF7B130054E7AF /* TestTwoView.swift in Sources */ = {isa = PBXBuildFile; fileRef = F64552CF29BF7B130054E7AF /* TestTwoView.swift */; };
		F6A0C25729DD3F0F00C0E96F /* Poppins (1) in Resources */ = {isa = PBXBuildFile; fileRef = F6A0C25629DD3F0E00C0E96F /* Poppins (1) */; };
		F6E6D1AA29B1A88800DF59B5 /* JournalingAppSPApp.swift in Sources */ = {isa = PBXBuildFile; fileRef = F6E6D1A929B1A88800DF59B5 /* JournalingAppSPApp.swift */; };
		F6E6D1AC29B1A88800DF59B5 /* ContentView.swift in Sources */ = {isa = PBXBuildFile; fileRef = F6E6D1AB29B1A88800DF59B5 /* ContentView.swift */; };
		F6E6D1AE29B1A88A00DF59B5 /* Assets.xcassets in Resources */ = {isa = PBXBuildFile; fileRef = F6E6D1AD29B1A88A00DF59B5 /* Assets.xcassets */; };
		F6E6D1B129B1A88A00DF59B5 /* Preview Assets.xcassets in Resources */ = {isa = PBXBuildFile; fileRef = F6E6D1B029B1A88A00DF59B5 /* Preview Assets.xcassets */; };
		F6E6D1CE29B80C9A00DF59B5 /* NavBarView.swift in Sources */ = {isa = PBXBuildFile; fileRef = F6E6D1CD29B80C9A00DF59B5 /* NavBarView.swift */; };
		F6E6D1E429BD04FA00DF59B5 /* GlanceView.swift in Sources */ = {isa = PBXBuildFile; fileRef = F6E6D1E329BD04FA00DF59B5 /* GlanceView.swift */; };
		F6E6D1E629BD111500DF59B5 /* HistoryView.swift in Sources */ = {isa = PBXBuildFile; fileRef = F6E6D1E529BD111500DF59B5 /* HistoryView.swift */; };
		F6E6D1E829BD4B8D00DF59B5 /* testView.swift in Sources */ = {isa = PBXBuildFile; fileRef = F6E6D1E729BD4B8D00DF59B5 /* testView.swift */; };
/* End PBXBuildFile section */

/* Begin PBXFileReference section */
		3F209E1429CBD9CF00028B56 /* aboutUs.swift */ = {isa = PBXFileReference; lastKnownFileType = sourcecode.swift; path = aboutUs.swift; sourceTree = "<group>"; };
		3F209E1629CBDDBC00028B56 /* MindfulnessJournal.swift */ = {isa = PBXFileReference; lastKnownFileType = sourcecode.swift; path = MindfulnessJournal.swift; sourceTree = "<group>"; };
		3F209E1929CD312B00028B56 /* GratitudeJournal.swift */ = {isa = PBXFileReference; lastKnownFileType = sourcecode.swift; path = GratitudeJournal.swift; sourceTree = "<group>"; };
		3F209E1B29CD328200028B56 /* OpenJournal.swift */ = {isa = PBXFileReference; lastKnownFileType = sourcecode.swift; path = OpenJournal.swift; sourceTree = "<group>"; };
		3F209E1D29CE2C2C00028B56 /* HomepageView.swift */ = {isa = PBXFileReference; lastKnownFileType = sourcecode.swift; path = HomepageView.swift; sourceTree = "<group>"; };
		3F322C5729C25CC500B62873 /* profileView.swift */ = {isa = PBXFileReference; lastKnownFileType = sourcecode.swift; path = profileView.swift; sourceTree = "<group>"; };
		3F3916EA29DCBAA300E37684 /* GoogleService-Info.plist */ = {isa = PBXFileReference; fileEncoding = 4; lastKnownFileType = text.plist.xml; path = "GoogleService-Info.plist"; sourceTree = "<group>"; };
		3F4814F529B59D0700FAEB20 /* JournalCoreData.xcdatamodel */ = {isa = PBXFileReference; lastKnownFileType = wrapper.xcdatamodel; path = JournalCoreData.xcdatamodel; sourceTree = "<group>"; };
		3F4814F729B5A51200FAEB20 /* WeekGlance.swift */ = {isa = PBXFileReference; lastKnownFileType = sourcecode.swift; path = WeekGlance.swift; sourceTree = "<group>"; };
		3F4E39A529DBA803000FC2DC /* CalendarView.swift */ = {isa = PBXFileReference; lastKnownFileType = sourcecode.swift; path = CalendarView.swift; sourceTree = "<group>"; };
		3FBD98BF29B278A700804A6A /* ContentViewModel.swift */ = {isa = PBXFileReference; lastKnownFileType = sourcecode.swift; path = ContentViewModel.swift; sourceTree = "<group>"; };
		3FBD98C129B2790100804A6A /* ContentModel.swift */ = {isa = PBXFileReference; lastKnownFileType = sourcecode.swift; path = ContentModel.swift; sourceTree = "<group>"; };
		3FC6E9B029C18BF4004D9531 /* Info.plist */ = {isa = PBXFileReference; lastKnownFileType = text.plist.xml; path = Info.plist; sourceTree = "<group>"; };
		3FC6E9B429C18E10004D9531 /* LoginSystemView.swift */ = {isa = PBXFileReference; lastKnownFileType = sourcecode.swift; path = LoginSystemView.swift; sourceTree = "<group>"; };
		3FC6E9B729C1960E004D9531 /* Auth0.swift */ = {isa = PBXFileReference; lastKnownFileType = wrapper; name = Auth0.swift; path = ../../Desktop/Auth0.swift; sourceTree = "<group>"; };
		3FC6E9B829C19646004D9531 /* JWTDecode.swift */ = {isa = PBXFileReference; lastKnownFileType = wrapper; name = JWTDecode.swift; path = ../../Desktop/JWTDecode.swift; sourceTree = "<group>"; };
		3FC6E9BB29C19A59004D9531 /* Auth0.swift */ = {isa = PBXFileReference; lastKnownFileType = wrapper; name = Auth0.swift; path = ../../Desktop/Auth0.swift; sourceTree = "<group>"; };
		3FC6E9BF29C19C6C004D9531 /* Auth0.plist */ = {isa = PBXFileReference; lastKnownFileType = text.plist.xml; path = Auth0.plist; sourceTree = "<group>"; };
		3FDAECF529B7F69500C9A633 /* InputView.swift */ = {isa = PBXFileReference; lastKnownFileType = sourcecode.swift; path = InputView.swift; sourceTree = "<group>"; };
		F62567A029E735C0005411BF /* TestThreeView.swift */ = {isa = PBXFileReference; lastKnownFileType = sourcecode.swift; path = TestThreeView.swift; sourceTree = "<group>"; };
		F62567A229EE193B005411BF /* TestFourView.swift */ = {isa = PBXFileReference; lastKnownFileType = sourcecode.swift; path = TestFourView.swift; sourceTree = "<group>"; };
		F62567A429EE3B65005411BF /* gratSwipeView.swift */ = {isa = PBXFileReference; lastKnownFileType = sourcecode.swift; path = gratSwipeView.swift; sourceTree = "<group>"; };
		F62567A629F0FD08005411BF /* TestFiveView.swift */ = {isa = PBXFileReference; lastKnownFileType = sourcecode.swift; path = TestFiveView.swift; sourceTree = "<group>"; };
		F62567A829F1ECEB005411BF /* AnalyzeView.swift */ = {isa = PBXFileReference; lastKnownFileType = sourcecode.swift; path = AnalyzeView.swift; sourceTree = "<group>"; };
		F62567AA29F45706005411BF /* Poppins-Regular.ttf */ = {isa = PBXFileReference; lastKnownFileType = file; path = "Poppins-Regular.ttf"; sourceTree = "<group>"; };
		F62567AB29F45706005411BF /* Poppins-Bold.ttf */ = {isa = PBXFileReference; lastKnownFileType = file; path = "Poppins-Bold.ttf"; sourceTree = "<group>"; };
		F62567AC29F45706005411BF /* Poppins-Medium.ttf */ = {isa = PBXFileReference; lastKnownFileType = file; path = "Poppins-Medium.ttf"; sourceTree = "<group>"; };
		F62567AD29F45706005411BF /* Poppins-SemiBold.ttf */ = {isa = PBXFileReference; lastKnownFileType = file; path = "Poppins-SemiBold.ttf"; sourceTree = "<group>"; };
		F62567BC29F643F6005411BF /* TestSixView.swift */ = {isa = PBXFileReference; lastKnownFileType = sourcecode.swift; path = TestSixView.swift; sourceTree = "<group>"; };
		F62567BE29F83399005411BF /* FavoriteView.swift */ = {isa = PBXFileReference; lastKnownFileType = sourcecode.swift; path = FavoriteView.swift; sourceTree = "<group>"; };
		F64552CB29BE99140054E7AF /* inputSwipeView.swift */ = {isa = PBXFileReference; lastKnownFileType = sourcecode.swift; path = inputSwipeView.swift; sourceTree = "<group>"; };
		F64552CF29BF7B130054E7AF /* TestTwoView.swift */ = {isa = PBXFileReference; lastKnownFileType = sourcecode.swift; path = TestTwoView.swift; sourceTree = "<group>"; };
		F6A0C25629DD3F0E00C0E96F /* Poppins (1) */ = {isa = PBXFileReference; lastKnownFileType = folder; path = "Poppins (1)"; sourceTree = "<group>"; };
		F6E6D1A629B1A88800DF59B5 /* JournalingAppSP.app */ = {isa = PBXFileReference; explicitFileType = wrapper.application; includeInIndex = 0; path = JournalingAppSP.app; sourceTree = BUILT_PRODUCTS_DIR; };
		F6E6D1A929B1A88800DF59B5 /* JournalingAppSPApp.swift */ = {isa = PBXFileReference; lastKnownFileType = sourcecode.swift; path = JournalingAppSPApp.swift; sourceTree = "<group>"; };
		F6E6D1AB29B1A88800DF59B5 /* ContentView.swift */ = {isa = PBXFileReference; lastKnownFileType = sourcecode.swift; path = ContentView.swift; sourceTree = "<group>"; tabWidth = 2; };
		F6E6D1AD29B1A88A00DF59B5 /* Assets.xcassets */ = {isa = PBXFileReference; lastKnownFileType = folder.assetcatalog; path = Assets.xcassets; sourceTree = "<group>"; };
		F6E6D1B029B1A88A00DF59B5 /* Preview Assets.xcassets */ = {isa = PBXFileReference; lastKnownFileType = folder.assetcatalog; path = "Preview Assets.xcassets"; sourceTree = "<group>"; };
		F6E6D1CD29B80C9A00DF59B5 /* NavBarView.swift */ = {isa = PBXFileReference; lastKnownFileType = sourcecode.swift; path = NavBarView.swift; sourceTree = "<group>"; };
		F6E6D1E329BD04FA00DF59B5 /* GlanceView.swift */ = {isa = PBXFileReference; lastKnownFileType = sourcecode.swift; path = GlanceView.swift; sourceTree = "<group>"; };
		F6E6D1E529BD111500DF59B5 /* HistoryView.swift */ = {isa = PBXFileReference; lastKnownFileType = sourcecode.swift; path = HistoryView.swift; sourceTree = "<group>"; };
		F6E6D1E729BD4B8D00DF59B5 /* testView.swift */ = {isa = PBXFileReference; lastKnownFileType = sourcecode.swift; path = testView.swift; sourceTree = "<group>"; };
/* End PBXFileReference section */

/* Begin PBXFrameworksBuildPhase section */
		F6E6D1A329B1A88800DF59B5 /* Frameworks */ = {
			isa = PBXFrameworksBuildPhase;
			buildActionMask = 2147483647;
			files = (
				3F3916F629DCBC4800E37684 /* FirebaseDatabaseSwift in Frameworks */,
				3F3916F429DCBC4800E37684 /* FirebaseDatabase in Frameworks */,
				3F3916F029DCBC4800E37684 /* FirebaseAnalyticsSwift in Frameworks */,
				3F3916EE29DCBC4800E37684 /* FirebaseAnalytics in Frameworks */,
				3FC6E9BE29C19AE2004D9531 /* Auth0 in Frameworks */,
				3F3916F229DCBC4800E37684 /* FirebaseAnalyticsWithoutAdIdSupport in Frameworks */,
				3F3916F829DCBC4800E37684 /* FirebaseFirestore in Frameworks */,
				3F3916FA29DCBC4800E37684 /* FirebaseFirestoreSwift in Frameworks */,
			);
			runOnlyForDeploymentPostprocessing = 0;
		};
/* End PBXFrameworksBuildPhase section */

/* Begin PBXGroup section */
		3F209E0E29CBD1C700028B56 /* Test Views */ = {
			isa = PBXGroup;
			children = (
				F6E6D1CD29B80C9A00DF59B5 /* NavBarView.swift */,
				F6E6D1E729BD4B8D00DF59B5 /* testView.swift */,
				F64552CF29BF7B130054E7AF /* TestTwoView.swift */,
				F62567A029E735C0005411BF /* TestThreeView.swift */,
				F62567A229EE193B005411BF /* TestFourView.swift */,
				F62567A629F0FD08005411BF /* TestFiveView.swift */,
				F62567BC29F643F6005411BF /* TestSixView.swift */,
			);
			path = "Test Views";
			sourceTree = "<group>";
		};
		3F209E0F29CBD20E00028B56 /* Model and Viewmodel */ = {
			isa = PBXGroup;
			children = (
				3FBD98BF29B278A700804A6A /* ContentViewModel.swift */,
				3F4814F429B59D0700FAEB20 /* JournalCoreData.xcdatamodeld */,
				3FBD98C129B2790100804A6A /* ContentModel.swift */,
			);
			path = "Model and Viewmodel";
			sourceTree = "<group>";
		};
		3F209E1029CBD22400028B56 /* Login and Profile */ = {
			isa = PBXGroup;
			children = (
				F62567AE29F46068005411BF /* New Group */,
				3F322C5729C25CC500B62873 /* profileView.swift */,
				3FC6E9B429C18E10004D9531 /* LoginSystemView.swift */,
				3F209E1429CBD9CF00028B56 /* aboutUs.swift */,
			);
			path = "Login and Profile";
			sourceTree = "<group>";
		};
		3F209E1129CBD24200028B56 /* Glance Views */ = {
			isa = PBXGroup;
			children = (
				3F4814F729B5A51200FAEB20 /* WeekGlance.swift */,
				F6E6D1E329BD04FA00DF59B5 /* GlanceView.swift */,
				F6E6D1E529BD111500DF59B5 /* HistoryView.swift */,
				F62567BE29F83399005411BF /* FavoriteView.swift */,
				F62567A829F1ECEB005411BF /* AnalyzeView.swift */,
				3F4E39A529DBA803000FC2DC /* CalendarView.swift */,
			);
			path = "Glance Views";
			sourceTree = "<group>";
		};
		3F209E1229CBD25500028B56 /* User Input Views */ = {
			isa = PBXGroup;
			children = (
				3FDAECF529B7F69500C9A633 /* InputView.swift */,
				F64552CB29BE99140054E7AF /* inputSwipeView.swift */,
				F62567A429EE3B65005411BF /* gratSwipeView.swift */,
			);
			path = "User Input Views";
			sourceTree = "<group>";
		};
		3F209E1329CBD27F00028B56 /* MAIN */ = {
			isa = PBXGroup;
			children = (
				F6E6D1A929B1A88800DF59B5 /* JournalingAppSPApp.swift */,
				F6E6D1AB29B1A88800DF59B5 /* ContentView.swift */,
				3F209E1D29CE2C2C00028B56 /* HomepageView.swift */,
			);
			path = MAIN;
			sourceTree = "<group>";
		};
		3F209E1829CBDDC100028B56 /* Journals */ = {
			isa = PBXGroup;
			children = (
				3F209E1629CBDDBC00028B56 /* MindfulnessJournal.swift */,
				3F209E1929CD312B00028B56 /* GratitudeJournal.swift */,
				3F209E1B29CD328200028B56 /* OpenJournal.swift */,
			);
			path = Journals;
			sourceTree = "<group>";
		};
		3FC6E9B629C1960E004D9531 /* Packages */ = {
			isa = PBXGroup;
			children = (
				3FC6E9B729C1960E004D9531 /* Auth0.swift */,
				3FC6E9B829C19646004D9531 /* JWTDecode.swift */,
				3FC6E9BB29C19A59004D9531 /* Auth0.swift */,
			);
			name = Packages;
			sourceTree = "<group>";
		};
		F62567AE29F46068005411BF /* New Group */ = {
			isa = PBXGroup;
			children = (
			);
			path = "New Group";
			sourceTree = "<group>";
		};
		F6E6D19D29B1A88800DF59B5 = {
			isa = PBXGroup;
			children = (
				3FC6E9B629C1960E004D9531 /* Packages */,
				F6E6D1A829B1A88800DF59B5 /* JournalingAppSP */,
				F6E6D1A729B1A88800DF59B5 /* Products */,
			);
			sourceTree = "<group>";
		};
		F6E6D1A729B1A88800DF59B5 /* Products */ = {
			isa = PBXGroup;
			children = (
				F6E6D1A629B1A88800DF59B5 /* JournalingAppSP.app */,
			);
			name = Products;
			sourceTree = "<group>";
		};
		F6E6D1A829B1A88800DF59B5 /* JournalingAppSP */ = {
			isa = PBXGroup;
			children = (
				3F3916EA29DCBAA300E37684 /* GoogleService-Info.plist */,
				3FC6E9B029C18BF4004D9531 /* Info.plist */,
				3FC6E9BF29C19C6C004D9531 /* Auth0.plist */,
				3F209E1829CBDDC100028B56 /* Journals */,
				3F209E1329CBD27F00028B56 /* MAIN */,
				3F209E1229CBD25500028B56 /* User Input Views */,
				3F209E0E29CBD1C700028B56 /* Test Views */,
				3F209E1129CBD24200028B56 /* Glance Views */,
				3F209E0F29CBD20E00028B56 /* Model and Viewmodel */,
				3F209E1029CBD22400028B56 /* Login and Profile */,
				F6E6D1AF29B1A88A00DF59B5 /* Preview Content */,
				F6E6D1AD29B1A88A00DF59B5 /* Assets.xcassets */,
				F6A0C25629DD3F0E00C0E96F /* Poppins (1) */,
			);
			path = JournalingAppSP;
			sourceTree = "<group>";
		};
		F6E6D1AF29B1A88A00DF59B5 /* Preview Content */ = {
			isa = PBXGroup;
			children = (
				F62567AC29F45706005411BF /* Poppins-Medium.ttf */,
				F62567AA29F45706005411BF /* Poppins-Regular.ttf */,
				F62567AB29F45706005411BF /* Poppins-Bold.ttf */,
				F62567AD29F45706005411BF /* Poppins-SemiBold.ttf */,
				F6E6D1B029B1A88A00DF59B5 /* Preview Assets.xcassets */,
			);
			path = "Preview Content";
			sourceTree = "<group>";
		};
/* End PBXGroup section */

/* Begin PBXNativeTarget section */
		F6E6D1A529B1A88800DF59B5 /* JournalingAppSP */ = {
			isa = PBXNativeTarget;
			buildConfigurationList = F6E6D1B429B1A88A00DF59B5 /* Build configuration list for PBXNativeTarget "JournalingAppSP" */;
			buildPhases = (
				F6E6D1A229B1A88800DF59B5 /* Sources */,
				F6E6D1A329B1A88800DF59B5 /* Frameworks */,
				F6E6D1A429B1A88800DF59B5 /* Resources */,
			);
			buildRules = (
			);
			dependencies = (
			);
			name = JournalingAppSP;
			packageProductDependencies = (
				3FC6E9BD29C19AE2004D9531 /* Auth0 */,
				3F3916ED29DCBC4800E37684 /* FirebaseAnalytics */,
				3F3916EF29DCBC4800E37684 /* FirebaseAnalyticsSwift */,
				3F3916F129DCBC4800E37684 /* FirebaseAnalyticsWithoutAdIdSupport */,
				3F3916F329DCBC4800E37684 /* FirebaseDatabase */,
				3F3916F529DCBC4800E37684 /* FirebaseDatabaseSwift */,
				3F3916F729DCBC4800E37684 /* FirebaseFirestore */,
				3F3916F929DCBC4800E37684 /* FirebaseFirestoreSwift */,
			);
			productName = JournalingAppSP;
			productReference = F6E6D1A629B1A88800DF59B5 /* JournalingAppSP.app */;
			productType = "com.apple.product-type.application";
		};
/* End PBXNativeTarget section */

/* Begin PBXProject section */
		F6E6D19E29B1A88800DF59B5 /* Project object */ = {
			isa = PBXProject;
			attributes = {
				BuildIndependentTargetsInParallel = 1;
				LastSwiftUpdateCheck = 1410;
				LastUpgradeCheck = 1410;
				TargetAttributes = {
					F6E6D1A529B1A88800DF59B5 = {
						CreatedOnToolsVersion = 14.1;
					};
				};
			};
			buildConfigurationList = F6E6D1A129B1A88800DF59B5 /* Build configuration list for PBXProject "JournalingAppSP" */;
			compatibilityVersion = "Xcode 14.0";
			developmentRegion = en;
			hasScannedForEncodings = 0;
			knownRegions = (
				en,
				Base,
			);
			mainGroup = F6E6D19D29B1A88800DF59B5;
			packageReferences = (
				3FC6E9BC29C19AE2004D9531 /* XCRemoteSwiftPackageReference "Auth0" */,
				3F3916EC29DCBC4800E37684 /* XCRemoteSwiftPackageReference "firebase-ios-sdk" */,
			);
			productRefGroup = F6E6D1A729B1A88800DF59B5 /* Products */;
			projectDirPath = "";
			projectRoot = "";
			targets = (
				F6E6D1A529B1A88800DF59B5 /* JournalingAppSP */,
			);
		};
/* End PBXProject section */

/* Begin PBXResourcesBuildPhase section */
		F6E6D1A429B1A88800DF59B5 /* Resources */ = {
			isa = PBXResourcesBuildPhase;
			buildActionMask = 2147483647;
			files = (
				F6E6D1B129B1A88A00DF59B5 /* Preview Assets.xcassets in Resources */,
				F62567B929F4613C005411BF /* Poppins-Medium.ttf in Resources */,
				3F3916EB29DCBAA300E37684 /* GoogleService-Info.plist in Resources */,
				F6E6D1AE29B1A88A00DF59B5 /* Assets.xcassets in Resources */,
				F62567B829F460E8005411BF /* Poppins-Bold.ttf in Resources */,
				F6A0C25729DD3F0F00C0E96F /* Poppins (1) in Resources */,
				F62567BB29F46142005411BF /* Poppins-SemiBold.ttf in Resources */,
				3FC6E9C029C19C6C004D9531 /* Auth0.plist in Resources */,
				F62567BA29F4613F005411BF /* Poppins-Regular.ttf in Resources */,
			);
			runOnlyForDeploymentPostprocessing = 0;
		};
/* End PBXResourcesBuildPhase section */

/* Begin PBXSourcesBuildPhase section */
		F6E6D1A229B1A88800DF59B5 /* Sources */ = {
			isa = PBXSourcesBuildPhase;
			buildActionMask = 2147483647;
			files = (
				F6E6D1CE29B80C9A00DF59B5 /* NavBarView.swift in Sources */,
				F62567A729F0FD08005411BF /* TestFiveView.swift in Sources */,
				F62567A329EE193B005411BF /* TestFourView.swift in Sources */,
				3F209E1A29CD312B00028B56 /* GratitudeJournal.swift in Sources */,
				3F209E1E29CE2C2C00028B56 /* HomepageView.swift in Sources */,
				F6E6D1E429BD04FA00DF59B5 /* GlanceView.swift in Sources */,
				3F322C5829C25CC500B62873 /* profileView.swift in Sources */,
				F6E6D1AC29B1A88800DF59B5 /* ContentView.swift in Sources */,
				F6E6D1AA29B1A88800DF59B5 /* JournalingAppSPApp.swift in Sources */,
				3F209E1729CBDDBC00028B56 /* MindfulnessJournal.swift in Sources */,
				3F4E39A629DBA803000FC2DC /* CalendarView.swift in Sources */,
				F6E6D1E829BD4B8D00DF59B5 /* testView.swift in Sources */,
				3F4814F629B59D0700FAEB20 /* JournalCoreData.xcdatamodeld in Sources */,
				F64552CC29BE99140054E7AF /* inputSwipeView.swift in Sources */,
				3FC6E9B529C18E10004D9531 /* LoginSystemView.swift in Sources */,
				F62567A929F1ECEB005411BF /* AnalyzeView.swift in Sources */,
				F62567BF29F83399005411BF /* FavoriteView.swift in Sources */,
				3FBD98C029B278A700804A6A /* ContentViewModel.swift in Sources */,
				3F4814F829B5A51200FAEB20 /* WeekGlance.swift in Sources */,
				3F209E1529CBD9CF00028B56 /* aboutUs.swift in Sources */,
				F6E6D1E629BD111500DF59B5 /* HistoryView.swift in Sources */,
				F64552D029BF7B130054E7AF /* TestTwoView.swift in Sources */,
				3F209E1C29CD328200028B56 /* OpenJournal.swift in Sources */,
				3FDAECF629B7F69500C9A633 /* InputView.swift in Sources */,
				F62567BD29F643F6005411BF /* TestSixView.swift in Sources */,
				3FBD98C229B2790100804A6A /* ContentModel.swift in Sources */,
				F62567A129E735C0005411BF /* TestThreeView.swift in Sources */,
				F62567A529EE3B65005411BF /* gratSwipeView.swift in Sources */,
			);
			runOnlyForDeploymentPostprocessing = 0;
		};
/* End PBXSourcesBuildPhase section */

/* Begin XCBuildConfiguration section */
		F6E6D1B229B1A88A00DF59B5 /* Debug */ = {
			isa = XCBuildConfiguration;
			buildSettings = {
				ALWAYS_SEARCH_USER_PATHS = NO;
				CLANG_ANALYZER_NONNULL = YES;
				CLANG_ANALYZER_NUMBER_OBJECT_CONVERSION = YES_AGGRESSIVE;
				CLANG_CXX_LANGUAGE_STANDARD = "gnu++20";
				CLANG_ENABLE_MODULES = YES;
				CLANG_ENABLE_OBJC_ARC = YES;
				CLANG_ENABLE_OBJC_WEAK = YES;
				CLANG_WARN_BLOCK_CAPTURE_AUTORELEASING = YES;
				CLANG_WARN_BOOL_CONVERSION = YES;
				CLANG_WARN_COMMA = YES;
				CLANG_WARN_CONSTANT_CONVERSION = YES;
				CLANG_WARN_DEPRECATED_OBJC_IMPLEMENTATIONS = YES;
				CLANG_WARN_DIRECT_OBJC_ISA_USAGE = YES_ERROR;
				CLANG_WARN_DOCUMENTATION_COMMENTS = YES;
				CLANG_WARN_EMPTY_BODY = YES;
				CLANG_WARN_ENUM_CONVERSION = YES;
				CLANG_WARN_INFINITE_RECURSION = YES;
				CLANG_WARN_INT_CONVERSION = YES;
				CLANG_WARN_NON_LITERAL_NULL_CONVERSION = YES;
				CLANG_WARN_OBJC_IMPLICIT_RETAIN_SELF = YES;
				CLANG_WARN_OBJC_LITERAL_CONVERSION = YES;
				CLANG_WARN_OBJC_ROOT_CLASS = YES_ERROR;
				CLANG_WARN_QUOTED_INCLUDE_IN_FRAMEWORK_HEADER = YES;
				CLANG_WARN_RANGE_LOOP_ANALYSIS = YES;
				CLANG_WARN_STRICT_PROTOTYPES = YES;
				CLANG_WARN_SUSPICIOUS_MOVE = YES;
				CLANG_WARN_UNGUARDED_AVAILABILITY = YES_AGGRESSIVE;
				CLANG_WARN_UNREACHABLE_CODE = YES;
				CLANG_WARN__DUPLICATE_METHOD_MATCH = YES;
				COPY_PHASE_STRIP = NO;
				DEBUG_INFORMATION_FORMAT = dwarf;
				ENABLE_STRICT_OBJC_MSGSEND = YES;
				ENABLE_TESTABILITY = YES;
				GCC_C_LANGUAGE_STANDARD = gnu11;
				GCC_DYNAMIC_NO_PIC = NO;
				GCC_NO_COMMON_BLOCKS = YES;
				GCC_OPTIMIZATION_LEVEL = 0;
				GCC_PREPROCESSOR_DEFINITIONS = (
					"DEBUG=1",
					"$(inherited)",
				);
				GCC_WARN_64_TO_32_BIT_CONVERSION = YES;
				GCC_WARN_ABOUT_RETURN_TYPE = YES_ERROR;
				GCC_WARN_UNDECLARED_SELECTOR = YES;
				GCC_WARN_UNINITIALIZED_AUTOS = YES_AGGRESSIVE;
				GCC_WARN_UNUSED_FUNCTION = YES;
				GCC_WARN_UNUSED_VARIABLE = YES;
				IPHONEOS_DEPLOYMENT_TARGET = 16.1;
				MTL_ENABLE_DEBUG_INFO = INCLUDE_SOURCE;
				MTL_FAST_MATH = YES;
				ONLY_ACTIVE_ARCH = YES;
				SDKROOT = iphoneos;
				SWIFT_ACTIVE_COMPILATION_CONDITIONS = DEBUG;
				SWIFT_OPTIMIZATION_LEVEL = "-Onone";
			};
			name = Debug;
		};
		F6E6D1B329B1A88A00DF59B5 /* Release */ = {
			isa = XCBuildConfiguration;
			buildSettings = {
				ALWAYS_SEARCH_USER_PATHS = NO;
				CLANG_ANALYZER_NONNULL = YES;
				CLANG_ANALYZER_NUMBER_OBJECT_CONVERSION = YES_AGGRESSIVE;
				CLANG_CXX_LANGUAGE_STANDARD = "gnu++20";
				CLANG_ENABLE_MODULES = YES;
				CLANG_ENABLE_OBJC_ARC = YES;
				CLANG_ENABLE_OBJC_WEAK = YES;
				CLANG_WARN_BLOCK_CAPTURE_AUTORELEASING = YES;
				CLANG_WARN_BOOL_CONVERSION = YES;
				CLANG_WARN_COMMA = YES;
				CLANG_WARN_CONSTANT_CONVERSION = YES;
				CLANG_WARN_DEPRECATED_OBJC_IMPLEMENTATIONS = YES;
				CLANG_WARN_DIRECT_OBJC_ISA_USAGE = YES_ERROR;
				CLANG_WARN_DOCUMENTATION_COMMENTS = YES;
				CLANG_WARN_EMPTY_BODY = YES;
				CLANG_WARN_ENUM_CONVERSION = YES;
				CLANG_WARN_INFINITE_RECURSION = YES;
				CLANG_WARN_INT_CONVERSION = YES;
				CLANG_WARN_NON_LITERAL_NULL_CONVERSION = YES;
				CLANG_WARN_OBJC_IMPLICIT_RETAIN_SELF = YES;
				CLANG_WARN_OBJC_LITERAL_CONVERSION = YES;
				CLANG_WARN_OBJC_ROOT_CLASS = YES_ERROR;
				CLANG_WARN_QUOTED_INCLUDE_IN_FRAMEWORK_HEADER = YES;
				CLANG_WARN_RANGE_LOOP_ANALYSIS = YES;
				CLANG_WARN_STRICT_PROTOTYPES = YES;
				CLANG_WARN_SUSPICIOUS_MOVE = YES;
				CLANG_WARN_UNGUARDED_AVAILABILITY = YES_AGGRESSIVE;
				CLANG_WARN_UNREACHABLE_CODE = YES;
				CLANG_WARN__DUPLICATE_METHOD_MATCH = YES;
				COPY_PHASE_STRIP = NO;
				DEBUG_INFORMATION_FORMAT = "dwarf-with-dsym";
				ENABLE_NS_ASSERTIONS = NO;
				ENABLE_STRICT_OBJC_MSGSEND = YES;
				GCC_C_LANGUAGE_STANDARD = gnu11;
				GCC_NO_COMMON_BLOCKS = YES;
				GCC_WARN_64_TO_32_BIT_CONVERSION = YES;
				GCC_WARN_ABOUT_RETURN_TYPE = YES_ERROR;
				GCC_WARN_UNDECLARED_SELECTOR = YES;
				GCC_WARN_UNINITIALIZED_AUTOS = YES_AGGRESSIVE;
				GCC_WARN_UNUSED_FUNCTION = YES;
				GCC_WARN_UNUSED_VARIABLE = YES;
				IPHONEOS_DEPLOYMENT_TARGET = 16.1;
				MTL_ENABLE_DEBUG_INFO = NO;
				MTL_FAST_MATH = YES;
				SDKROOT = iphoneos;
				SWIFT_COMPILATION_MODE = wholemodule;
				SWIFT_OPTIMIZATION_LEVEL = "-O";
				VALIDATE_PRODUCT = YES;
			};
			name = Release;
		};
		F6E6D1B529B1A88A00DF59B5 /* Debug */ = {
			isa = XCBuildConfiguration;
			buildSettings = {
				ASSETCATALOG_COMPILER_APPICON_NAME = AppIcon;
				ASSETCATALOG_COMPILER_GLOBAL_ACCENT_COLOR_NAME = AccentColor;
				CODE_SIGN_STYLE = Automatic;
				CURRENT_PROJECT_VERSION = 1;
				DEVELOPMENT_ASSET_PATHS = "\"JournalingAppSP/Preview Content\"";
				DEVELOPMENT_TEAM = B7U38C9ZWA;
				ENABLE_PREVIEWS = YES;
				GENERATE_INFOPLIST_FILE = YES;
				INFOPLIST_FILE = JournalingAppSP/Info.plist;
				INFOPLIST_KEY_UIApplicationSceneManifest_Generation = YES;
				INFOPLIST_KEY_UIApplicationSupportsIndirectInputEvents = YES;
				INFOPLIST_KEY_UILaunchScreen_Generation = YES;
				INFOPLIST_KEY_UISupportedInterfaceOrientations_iPad = "UIInterfaceOrientationPortrait UIInterfaceOrientationPortraitUpsideDown UIInterfaceOrientationLandscapeLeft UIInterfaceOrientationLandscapeRight";
				INFOPLIST_KEY_UISupportedInterfaceOrientations_iPhone = "UIInterfaceOrientationPortrait UIInterfaceOrientationLandscapeLeft UIInterfaceOrientationLandscapeRight";
				LD_RUNPATH_SEARCH_PATHS = (
					"$(inherited)",
					"@executable_path/Frameworks",
				);
				MARKETING_VERSION = 1.0;
				"MTL_ENABLE_DEBUG_INFO[arch=*]" = INCLUDE_SOURCE;
				PRODUCT_BUNDLE_IDENTIFIER = SimonPaul.JournalingAppSP;
				PRODUCT_NAME = "$(TARGET_NAME)";
				SWIFT_EMIT_LOC_STRINGS = YES;
				SWIFT_VERSION = 5.0;
				TARGETED_DEVICE_FAMILY = "1,2";
			};
			name = Debug;
		};
		F6E6D1B629B1A88A00DF59B5 /* Release */ = {
			isa = XCBuildConfiguration;
			buildSettings = {
				ASSETCATALOG_COMPILER_APPICON_NAME = AppIcon;
				ASSETCATALOG_COMPILER_GLOBAL_ACCENT_COLOR_NAME = AccentColor;
				CODE_SIGN_STYLE = Automatic;
				CURRENT_PROJECT_VERSION = 1;
				DEVELOPMENT_ASSET_PATHS = "\"JournalingAppSP/Preview Content\"";
				DEVELOPMENT_TEAM = B7U38C9ZWA;
				ENABLE_PREVIEWS = YES;
				GENERATE_INFOPLIST_FILE = YES;
				INFOPLIST_FILE = JournalingAppSP/Info.plist;
				INFOPLIST_KEY_UIApplicationSceneManifest_Generation = YES;
				INFOPLIST_KEY_UIApplicationSupportsIndirectInputEvents = YES;
				INFOPLIST_KEY_UILaunchScreen_Generation = YES;
				INFOPLIST_KEY_UISupportedInterfaceOrientations_iPad = "UIInterfaceOrientationPortrait UIInterfaceOrientationPortraitUpsideDown UIInterfaceOrientationLandscapeLeft UIInterfaceOrientationLandscapeRight";
				INFOPLIST_KEY_UISupportedInterfaceOrientations_iPhone = "UIInterfaceOrientationPortrait UIInterfaceOrientationLandscapeLeft UIInterfaceOrientationLandscapeRight";
				LD_RUNPATH_SEARCH_PATHS = (
					"$(inherited)",
					"@executable_path/Frameworks",
				);
				MARKETING_VERSION = 1.0;
				PRODUCT_BUNDLE_IDENTIFIER = SimonPaul.JournalingAppSP;
				PRODUCT_NAME = "$(TARGET_NAME)";
				SWIFT_EMIT_LOC_STRINGS = YES;
				SWIFT_VERSION = 5.0;
				TARGETED_DEVICE_FAMILY = "1,2";
			};
			name = Release;
		};
/* End XCBuildConfiguration section */

/* Begin XCConfigurationList section */
		F6E6D1A129B1A88800DF59B5 /* Build configuration list for PBXProject "JournalingAppSP" */ = {
			isa = XCConfigurationList;
			buildConfigurations = (
				F6E6D1B229B1A88A00DF59B5 /* Debug */,
				F6E6D1B329B1A88A00DF59B5 /* Release */,
			);
			defaultConfigurationIsVisible = 0;
			defaultConfigurationName = Release;
		};
		F6E6D1B429B1A88A00DF59B5 /* Build configuration list for PBXNativeTarget "JournalingAppSP" */ = {
			isa = XCConfigurationList;
			buildConfigurations = (
				F6E6D1B529B1A88A00DF59B5 /* Debug */,
				F6E6D1B629B1A88A00DF59B5 /* Release */,
			);
			defaultConfigurationIsVisible = 0;
			defaultConfigurationName = Release;
		};
/* End XCConfigurationList section */

/* Begin XCRemoteSwiftPackageReference section */
		3F3916EC29DCBC4800E37684 /* XCRemoteSwiftPackageReference "firebase-ios-sdk" */ = {
			isa = XCRemoteSwiftPackageReference;
			repositoryURL = "https://github.com/firebase/firebase-ios-sdk";
			requirement = {
				kind = upToNextMajorVersion;
				minimumVersion = 9.0.0;
			};
		};
		3FC6E9BC29C19AE2004D9531 /* XCRemoteSwiftPackageReference "Auth0" */ = {
			isa = XCRemoteSwiftPackageReference;
			repositoryURL = "https://github.com/auth0/Auth0.swift";
			requirement = {
				kind = upToNextMajorVersion;
				minimumVersion = 2.0.0;
			};
		};
/* End XCRemoteSwiftPackageReference section */

/* Begin XCSwiftPackageProductDependency section */
		3F3916ED29DCBC4800E37684 /* FirebaseAnalytics */ = {
			isa = XCSwiftPackageProductDependency;
			package = 3F3916EC29DCBC4800E37684 /* XCRemoteSwiftPackageReference "firebase-ios-sdk" */;
			productName = FirebaseAnalytics;
		};
		3F3916EF29DCBC4800E37684 /* FirebaseAnalyticsSwift */ = {
			isa = XCSwiftPackageProductDependency;
			package = 3F3916EC29DCBC4800E37684 /* XCRemoteSwiftPackageReference "firebase-ios-sdk" */;
			productName = FirebaseAnalyticsSwift;
		};
		3F3916F129DCBC4800E37684 /* FirebaseAnalyticsWithoutAdIdSupport */ = {
			isa = XCSwiftPackageProductDependency;
			package = 3F3916EC29DCBC4800E37684 /* XCRemoteSwiftPackageReference "firebase-ios-sdk" */;
			productName = FirebaseAnalyticsWithoutAdIdSupport;
		};
		3F3916F329DCBC4800E37684 /* FirebaseDatabase */ = {
			isa = XCSwiftPackageProductDependency;
			package = 3F3916EC29DCBC4800E37684 /* XCRemoteSwiftPackageReference "firebase-ios-sdk" */;
			productName = FirebaseDatabase;
		};
		3F3916F529DCBC4800E37684 /* FirebaseDatabaseSwift */ = {
			isa = XCSwiftPackageProductDependency;
			package = 3F3916EC29DCBC4800E37684 /* XCRemoteSwiftPackageReference "firebase-ios-sdk" */;
			productName = FirebaseDatabaseSwift;
		};
		3F3916F729DCBC4800E37684 /* FirebaseFirestore */ = {
			isa = XCSwiftPackageProductDependency;
			package = 3F3916EC29DCBC4800E37684 /* XCRemoteSwiftPackageReference "firebase-ios-sdk" */;
			productName = FirebaseFirestore;
		};
		3F3916F929DCBC4800E37684 /* FirebaseFirestoreSwift */ = {
			isa = XCSwiftPackageProductDependency;
			package = 3F3916EC29DCBC4800E37684 /* XCRemoteSwiftPackageReference "firebase-ios-sdk" */;
			productName = FirebaseFirestoreSwift;
		};
		3FC6E9BD29C19AE2004D9531 /* Auth0 */ = {
			isa = XCSwiftPackageProductDependency;
			package = 3FC6E9BC29C19AE2004D9531 /* XCRemoteSwiftPackageReference "Auth0" */;
			productName = Auth0;
		};
/* End XCSwiftPackageProductDependency section */

/* Begin XCVersionGroup section */
		3F4814F429B59D0700FAEB20 /* JournalCoreData.xcdatamodeld */ = {
			isa = XCVersionGroup;
			children = (
				3F4814F529B59D0700FAEB20 /* JournalCoreData.xcdatamodel */,
			);
			currentVersion = 3F4814F529B59D0700FAEB20 /* JournalCoreData.xcdatamodel */;
			path = JournalCoreData.xcdatamodeld;
			sourceTree = "<group>";
			versionGroupType = wrapper.xcdatamodel;
		};
/* End XCVersionGroup section */
	};
	rootObject = F6E6D19E29B1A88800DF59B5 /* Project object */;
}
