// !$*UTF8*$!
{
	archiveVersion = 1;
	classes = {
	};
	objectVersion = 56;
	objects = {

/* Begin PBXBuildFile section */
		F6E6D1AA29B1A88800DF59B5 /* JournalingAppSPApp.swift in Sources */ = {isa = PBXBuildFile; fileRef = F6E6D1A929B1A88800DF59B5 /* JournalingAppSPApp.swift */; };
		F6E6D1AC29B1A88800DF59B5 /* ContentView.swift in Sources */ = {isa = PBXBuildFile; fileRef = F6E6D1AB29B1A88800DF59B5 /* ContentView.swift */; };
		F6E6D1AE29B1A88A00DF59B5 /* Assets.xcassets in Resources */ = {isa = PBXBuildFile; fileRef = F6E6D1AD29B1A88A00DF59B5 /* Assets.xcassets */; };
		F6E6D1B129B1A88A00DF59B5 /* Preview Assets.xcassets in Resources */ = {isa = PBXBuildFile; fileRef = F6E6D1B029B1A88A00DF59B5 /* Preview Assets.xcassets */; };
		F6E6D1B829B1A8A900DF59B5 /* Rose.swift in Sources */ = {isa = PBXBuildFile; fileRef = F6E6D1B729B1A8A900DF59B5 /* Rose.swift */; };
		F6E6D1BA29B1A8B400DF59B5 /* Bud.swift in Sources */ = {isa = PBXBuildFile; fileRef = F6E6D1B929B1A8B400DF59B5 /* Bud.swift */; };
		F6E6D1BC29B1A8BB00DF59B5 /* Thorn.swift in Sources */ = {isa = PBXBuildFile; fileRef = F6E6D1BB29B1A8BB00DF59B5 /* Thorn.swift */; };
/* End PBXBuildFile section */

/* Begin PBXFileReference section */
		F6E6D1A629B1A88800DF59B5 /* JournalingAppSP.app */ = {isa = PBXFileReference; explicitFileType = wrapper.application; includeInIndex = 0; path = JournalingAppSP.app; sourceTree = BUILT_PRODUCTS_DIR; };
		F6E6D1A929B1A88800DF59B5 /* JournalingAppSPApp.swift */ = {isa = PBXFileReference; lastKnownFileType = sourcecode.swift; path = JournalingAppSPApp.swift; sourceTree = "<group>"; };
		F6E6D1AB29B1A88800DF59B5 /* ContentView.swift */ = {isa = PBXFileReference; lastKnownFileType = sourcecode.swift; path = ContentView.swift; sourceTree = "<group>"; };
		F6E6D1AD29B1A88A00DF59B5 /* Assets.xcassets */ = {isa = PBXFileReference; lastKnownFileType = folder.assetcatalog; path = Assets.xcassets; sourceTree = "<group>"; };
		F6E6D1B029B1A88A00DF59B5 /* Preview Assets.xcassets */ = {isa = PBXFileReference; lastKnownFileType = folder.assetcatalog; path = "Preview Assets.xcassets"; sourceTree = "<group>"; };
		F6E6D1B729B1A8A900DF59B5 /* Rose.swift */ = {isa = PBXFileReference; lastKnownFileType = sourcecode.swift; path = Rose.swift; sourceTree = "<group>"; };
		F6E6D1B929B1A8B400DF59B5 /* Bud.swift */ = {isa = PBXFileReference; lastKnownFileType = sourcecode.swift; path = Bud.swift; sourceTree = "<group>"; };
		F6E6D1BB29B1A8BB00DF59B5 /* Thorn.swift */ = {isa = PBXFileReference; lastKnownFileType = sourcecode.swift; path = Thorn.swift; sourceTree = "<group>"; };
/* End PBXFileReference section */

/* Begin PBXFrameworksBuildPhase section */
		F6E6D1A329B1A88800DF59B5 /* Frameworks */ = {
			isa = PBXFrameworksBuildPhase;
			buildActionMask = 2147483647;
			files = (
			);
			runOnlyForDeploymentPostprocessing = 0;
		};
/* End PBXFrameworksBuildPhase section */

/* Begin PBXGroup section */
		F6E6D19D29B1A88800DF59B5 = {
			isa = PBXGroup;
			children = (
				F6E6D1A829B1A88800DF59B5 /* JournalingAppSP */,
				F6E6D1A729B1A88800DF59B5 /* Products */,
			);
			sourceTree = "<group>";
		};
		F6E6D1A729B1A88800DF59B5 /* Products */ = {
			isa = PBXGroup;
			children = (
				F6E6D1A629B1A88800DF59B5 /* JournalingAppSP.app */,
			);
			name = Products;
			sourceTree = "<group>";
		};
		F6E6D1A829B1A88800DF59B5 /* JournalingAppSP */ = {
			isa = PBXGroup;
			children = (
				F6E6D1A929B1A88800DF59B5 /* JournalingAppSPApp.swift */,
				F6E6D1AB29B1A88800DF59B5 /* ContentView.swift */,
				F6E6D1B729B1A8A900DF59B5 /* Rose.swift */,
				F6E6D1B929B1A8B400DF59B5 /* Bud.swift */,
				F6E6D1BB29B1A8BB00DF59B5 /* Thorn.swift */,
				F6E6D1AD29B1A88A00DF59B5 /* Assets.xcassets */,
				F6E6D1AF29B1A88A00DF59B5 /* Preview Content */,
			);
			path = JournalingAppSP;
			sourceTree = "<group>";
		};
		F6E6D1AF29B1A88A00DF59B5 /* Preview Content */ = {
			isa = PBXGroup;
			children = (
				F6E6D1B029B1A88A00DF59B5 /* Preview Assets.xcassets */,
			);
			path = "Preview Content";
			sourceTree = "<group>";
		};
/* End PBXGroup section */

/* Begin PBXNativeTarget section */
		F6E6D1A529B1A88800DF59B5 /* JournalingAppSP */ = {
			isa = PBXNativeTarget;
			buildConfigurationList = F6E6D1B429B1A88A00DF59B5 /* Build configuration list for PBXNativeTarget "JournalingAppSP" */;
			buildPhases = (
				F6E6D1A229B1A88800DF59B5 /* Sources */,
				F6E6D1A329B1A88800DF59B5 /* Frameworks */,
				F6E6D1A429B1A88800DF59B5 /* Resources */,
			);
			buildRules = (
			);
			dependencies = (
			);
			name = JournalingAppSP;
			productName = JournalingAppSP;
			productReference = F6E6D1A629B1A88800DF59B5 /* JournalingAppSP.app */;
			productType = "com.apple.product-type.application";
		};
/* End PBXNativeTarget section */

/* Begin PBXProject section */
		F6E6D19E29B1A88800DF59B5 /* Project object */ = {
			isa = PBXProject;
			attributes = {
				BuildIndependentTargetsInParallel = 1;
				LastSwiftUpdateCheck = 1410;
				LastUpgradeCheck = 1410;
				TargetAttributes = {
					F6E6D1A529B1A88800DF59B5 = {
						CreatedOnToolsVersion = 14.1;
					};
				};
			};
			buildConfigurationList = F6E6D1A129B1A88800DF59B5 /* Build configuration list for PBXProject "JournalingAppSP" */;
			compatibilityVersion = "Xcode 14.0";
			developmentRegion = en;
			hasScannedForEncodings = 0;
			knownRegions = (
				en,
				Base,
			);
			mainGroup = F6E6D19D29B1A88800DF59B5;
			productRefGroup = F6E6D1A729B1A88800DF59B5 /* Products */;
			projectDirPath = "";
			projectRoot = "";
			targets = (
				F6E6D1A529B1A88800DF59B5 /* JournalingAppSP */,
			);
		};
/* End PBXProject section */

/* Begin PBXResourcesBuildPhase section */
		F6E6D1A429B1A88800DF59B5 /* Resources */ = {
			isa = PBXResourcesBuildPhase;
			buildActionMask = 2147483647;
			files = (
				F6E6D1B129B1A88A00DF59B5 /* Preview Assets.xcassets in Resources */,
				F6E6D1AE29B1A88A00DF59B5 /* Assets.xcassets in Resources */,
			);
			runOnlyForDeploymentPostprocessing = 0;
		};
/* End PBXResourcesBuildPhase section */

/* Begin PBXSourcesBuildPhase section */
		F6E6D1A229B1A88800DF59B5 /* Sources */ = {
			isa = PBXSourcesBuildPhase;
			buildActionMask = 2147483647;
			files = (
				F6E6D1AC29B1A88800DF59B5 /* ContentView.swift in Sources */,
				F6E6D1AA29B1A88800DF59B5 /* JournalingAppSPApp.swift in Sources */,
				F6E6D1B829B1A8A900DF59B5 /* Rose.swift in Sources */,
				F6E6D1BC29B1A8BB00DF59B5 /* Thorn.swift in Sources */,
				F6E6D1BA29B1A8B400DF59B5 /* Bud.swift in Sources */,
			);
			runOnlyForDeploymentPostprocessing = 0;
		};
/* End PBXSourcesBuildPhase section */

/* Begin XCBuildConfiguration section */
		F6E6D1B229B1A88A00DF59B5 /* Debug */ = {
			isa = XCBuildConfiguration;
			buildSettings = {
				ALWAYS_SEARCH_USER_PATHS = NO;
				CLANG_ANALYZER_NONNULL = YES;
				CLANG_ANALYZER_NUMBER_OBJECT_CONVERSION = YES_AGGRESSIVE;
				CLANG_CXX_LANGUAGE_STANDARD = "gnu++20";
				CLANG_ENABLE_MODULES = YES;
				CLANG_ENABLE_OBJC_ARC = YES;
				CLANG_ENABLE_OBJC_WEAK = YES;
				CLANG_WARN_BLOCK_CAPTURE_AUTORELEASING = YES;
				CLANG_WARN_BOOL_CONVERSION = YES;
				CLANG_WARN_COMMA = YES;
				CLANG_WARN_CONSTANT_CONVERSION = YES;
				CLANG_WARN_DEPRECATED_OBJC_IMPLEMENTATIONS = YES;
				CLANG_WARN_DIRECT_OBJC_ISA_USAGE = YES_ERROR;
				CLANG_WARN_DOCUMENTATION_COMMENTS = YES;
				CLANG_WARN_EMPTY_BODY = YES;
				CLANG_WARN_ENUM_CONVERSION = YES;
				CLANG_WARN_INFINITE_RECURSION = YES;
				CLANG_WARN_INT_CONVERSION = YES;
				CLANG_WARN_NON_LITERAL_NULL_CONVERSION = YES;
				CLANG_WARN_OBJC_IMPLICIT_RETAIN_SELF = YES;
				CLANG_WARN_OBJC_LITERAL_CONVERSION = YES;
				CLANG_WARN_OBJC_ROOT_CLASS = YES_ERROR;
				CLANG_WARN_QUOTED_INCLUDE_IN_FRAMEWORK_HEADER = YES;
				CLANG_WARN_RANGE_LOOP_ANALYSIS = YES;
				CLANG_WARN_STRICT_PROTOTYPES = YES;
				CLANG_WARN_SUSPICIOUS_MOVE = YES;
				CLANG_WARN_UNGUARDED_AVAILABILITY = YES_AGGRESSIVE;
				CLANG_WARN_UNREACHABLE_CODE = YES;
				CLANG_WARN__DUPLICATE_METHOD_MATCH = YES;
				COPY_PHASE_STRIP = NO;
				DEBUG_INFORMATION_FORMAT = dwarf;
				ENABLE_STRICT_OBJC_MSGSEND = YES;
				ENABLE_TESTABILITY = YES;
				GCC_C_LANGUAGE_STANDARD = gnu11;
				GCC_DYNAMIC_NO_PIC = NO;
				GCC_NO_COMMON_BLOCKS = YES;
				GCC_OPTIMIZATION_LEVEL = 0;
				GCC_PREPROCESSOR_DEFINITIONS = (
					"DEBUG=1",
					"$(inherited)",
				);
				GCC_WARN_64_TO_32_BIT_CONVERSION = YES;
				GCC_WARN_ABOUT_RETURN_TYPE = YES_ERROR;
				GCC_WARN_UNDECLARED_SELECTOR = YES;
				GCC_WARN_UNINITIALIZED_AUTOS = YES_AGGRESSIVE;
				GCC_WARN_UNUSED_FUNCTION = YES;
				GCC_WARN_UNUSED_VARIABLE = YES;
				IPHONEOS_DEPLOYMENT_TARGET = 16.1;
				MTL_ENABLE_DEBUG_INFO = INCLUDE_SOURCE;
				MTL_FAST_MATH = YES;
				ONLY_ACTIVE_ARCH = YES;
				SDKROOT = iphoneos;
				SWIFT_ACTIVE_COMPILATION_CONDITIONS = DEBUG;
				SWIFT_OPTIMIZATION_LEVEL = "-Onone";
			};
			name = Debug;
		};
		F6E6D1B329B1A88A00DF59B5 /* Release */ = {
			isa = XCBuildConfiguration;
			buildSettings = {
				ALWAYS_SEARCH_USER_PATHS = NO;
				CLANG_ANALYZER_NONNULL = YES;
				CLANG_ANALYZER_NUMBER_OBJECT_CONVERSION = YES_AGGRESSIVE;
				CLANG_CXX_LANGUAGE_STANDARD = "gnu++20";
				CLANG_ENABLE_MODULES = YES;
				CLANG_ENABLE_OBJC_ARC = YES;
				CLANG_ENABLE_OBJC_WEAK = YES;
				CLANG_WARN_BLOCK_CAPTURE_AUTORELEASING = YES;
				CLANG_WARN_BOOL_CONVERSION = YES;
				CLANG_WARN_COMMA = YES;
				CLANG_WARN_CONSTANT_CONVERSION = YES;
				CLANG_WARN_DEPRECATED_OBJC_IMPLEMENTATIONS = YES;
				CLANG_WARN_DIRECT_OBJC_ISA_USAGE = YES_ERROR;
				CLANG_WARN_DOCUMENTATION_COMMENTS = YES;
				CLANG_WARN_EMPTY_BODY = YES;
				CLANG_WARN_ENUM_CONVERSION = YES;
				CLANG_WARN_INFINITE_RECURSION = YES;
				CLANG_WARN_INT_CONVERSION = YES;
				CLANG_WARN_NON_LITERAL_NULL_CONVERSION = YES;
				CLANG_WARN_OBJC_IMPLICIT_RETAIN_SELF = YES;
				CLANG_WARN_OBJC_LITERAL_CONVERSION = YES;
				CLANG_WARN_OBJC_ROOT_CLASS = YES_ERROR;
				CLANG_WARN_QUOTED_INCLUDE_IN_FRAMEWORK_HEADER = YES;
				CLANG_WARN_RANGE_LOOP_ANALYSIS = YES;
				CLANG_WARN_STRICT_PROTOTYPES = YES;
				CLANG_WARN_SUSPICIOUS_MOVE = YES;
				CLANG_WARN_UNGUARDED_AVAILABILITY = YES_AGGRESSIVE;
				CLANG_WARN_UNREACHABLE_CODE = YES;
				CLANG_WARN__DUPLICATE_METHOD_MATCH = YES;
				COPY_PHASE_STRIP = NO;
				DEBUG_INFORMATION_FORMAT = "dwarf-with-dsym";
				ENABLE_NS_ASSERTIONS = NO;
				ENABLE_STRICT_OBJC_MSGSEND = YES;
				GCC_C_LANGUAGE_STANDARD = gnu11;
				GCC_NO_COMMON_BLOCKS = YES;
				GCC_WARN_64_TO_32_BIT_CONVERSION = YES;
				GCC_WARN_ABOUT_RETURN_TYPE = YES_ERROR;
				GCC_WARN_UNDECLARED_SELECTOR = YES;
				GCC_WARN_UNINITIALIZED_AUTOS = YES_AGGRESSIVE;
				GCC_WARN_UNUSED_FUNCTION = YES;
				GCC_WARN_UNUSED_VARIABLE = YES;
				IPHONEOS_DEPLOYMENT_TARGET = 16.1;
				MTL_ENABLE_DEBUG_INFO = NO;
				MTL_FAST_MATH = YES;
				SDKROOT = iphoneos;
				SWIFT_COMPILATION_MODE = wholemodule;
				SWIFT_OPTIMIZATION_LEVEL = "-O";
				VALIDATE_PRODUCT = YES;
			};
			name = Release;
		};
		F6E6D1B529B1A88A00DF59B5 /* Debug */ = {
			isa = XCBuildConfiguration;
			buildSettings = {
				ASSETCATALOG_COMPILER_APPICON_NAME = AppIcon;
				ASSETCATALOG_COMPILER_GLOBAL_ACCENT_COLOR_NAME = AccentColor;
				CODE_SIGN_STYLE = Automatic;
				CURRENT_PROJECT_VERSION = 1;
				DEVELOPMENT_ASSET_PATHS = "\"JournalingAppSP/Preview Content\"";
				ENABLE_PREVIEWS = YES;
				GENERATE_INFOPLIST_FILE = YES;
				INFOPLIST_KEY_UIApplicationSceneManifest_Generation = YES;
				INFOPLIST_KEY_UIApplicationSupportsIndirectInputEvents = YES;
				INFOPLIST_KEY_UILaunchScreen_Generation = YES;
				INFOPLIST_KEY_UISupportedInterfaceOrientations_iPad = "UIInterfaceOrientationPortrait UIInterfaceOrientationPortraitUpsideDown UIInterfaceOrientationLandscapeLeft UIInterfaceOrientationLandscapeRight";
				INFOPLIST_KEY_UISupportedInterfaceOrientations_iPhone = "UIInterfaceOrientationPortrait UIInterfaceOrientationLandscapeLeft UIInterfaceOrientationLandscapeRight";
				LD_RUNPATH_SEARCH_PATHS = (
					"$(inherited)",
					"@executable_path/Frameworks",
				);
				MARKETING_VERSION = 1.0;
				PRODUCT_BUNDLE_IDENTIFIER = SimonPaul.JournalingAppSP;
				PRODUCT_NAME = "$(TARGET_NAME)";
				SWIFT_EMIT_LOC_STRINGS = YES;
				SWIFT_VERSION = 5.0;
				TARGETED_DEVICE_FAMILY = "1,2";
			};
			name = Debug;
		};
		F6E6D1B629B1A88A00DF59B5 /* Release */ = {
			isa = XCBuildConfiguration;
			buildSettings = {
				ASSETCATALOG_COMPILER_APPICON_NAME = AppIcon;
				ASSETCATALOG_COMPILER_GLOBAL_ACCENT_COLOR_NAME = AccentColor;
				CODE_SIGN_STYLE = Automatic;
				CURRENT_PROJECT_VERSION = 1;
				DEVELOPMENT_ASSET_PATHS = "\"JournalingAppSP/Preview Content\"";
				ENABLE_PREVIEWS = YES;
				GENERATE_INFOPLIST_FILE = YES;
				INFOPLIST_KEY_UIApplicationSceneManifest_Generation = YES;
				INFOPLIST_KEY_UIApplicationSupportsIndirectInputEvents = YES;
				INFOPLIST_KEY_UILaunchScreen_Generation = YES;
				INFOPLIST_KEY_UISupportedInterfaceOrientations_iPad = "UIInterfaceOrientationPortrait UIInterfaceOrientationPortraitUpsideDown UIInterfaceOrientationLandscapeLeft UIInterfaceOrientationLandscapeRight";
				INFOPLIST_KEY_UISupportedInterfaceOrientations_iPhone = "UIInterfaceOrientationPortrait UIInterfaceOrientationLandscapeLeft UIInterfaceOrientationLandscapeRight";
				LD_RUNPATH_SEARCH_PATHS = (
					"$(inherited)",
					"@executable_path/Frameworks",
				);
				MARKETING_VERSION = 1.0;
				PRODUCT_BUNDLE_IDENTIFIER = SimonPaul.JournalingAppSP;
				PRODUCT_NAME = "$(TARGET_NAME)";
				SWIFT_EMIT_LOC_STRINGS = YES;
				SWIFT_VERSION = 5.0;
				TARGETED_DEVICE_FAMILY = "1,2";
			};
			name = Release;
		};
/* End XCBuildConfiguration section */

/* Begin XCConfigurationList section */
		F6E6D1A129B1A88800DF59B5 /* Build configuration list for PBXProject "JournalingAppSP" */ = {
			isa = XCConfigurationList;
			buildConfigurations = (
				F6E6D1B229B1A88A00DF59B5 /* Debug */,
				F6E6D1B329B1A88A00DF59B5 /* Release */,
			);
			defaultConfigurationIsVisible = 0;
			defaultConfigurationName = Release;
		};
		F6E6D1B429B1A88A00DF59B5 /* Build configuration list for PBXNativeTarget "JournalingAppSP" */ = {
			isa = XCConfigurationList;
			buildConfigurations = (
				F6E6D1B529B1A88A00DF59B5 /* Debug */,
				F6E6D1B629B1A88A00DF59B5 /* Release */,
			);
			defaultConfigurationIsVisible = 0;
			defaultConfigurationName = Release;
		};
/* End XCConfigurationList section */
	};
	rootObject = F6E6D19E29B1A88800DF59B5 /* Project object */;
}
